
Microsoft Visual Studio Solution File, Format Version 12.00
# Visual Studio Version 17
VisualStudioVersion = 17.5.002.0
MinimumVisualStudioVersion = 10.0.40219.1
Project("{2150E333-8FDC-42A3-9474-1A3956D46DE8}") = "src", "src", "{F3B4BA84-F7A3-4F88-8E00-C84BA35A5ADF}"
EndProject
Project("{9A19103F-16F7-4668-BE54-9A1E7A4F7556}") = "cli", "src\cli\cli.csproj", "{FB7B5FFB-3905-47DC-958F-C84B6CFB7E62}"
EndProject
Project("{9A19103F-16F7-4668-BE54-9A1E7A4F7556}") = "web", "src\web\web.csproj", "{C042FB3F-3D88-45D3-A4CB-9F474CF5CC7B}"
EndProject
Global
	GlobalSection(SolutionConfigurationPlatforms) = preSolution
		Debug|Any CPU = Debug|Any CPU
		Release|Any CPU = Release|Any CPU
	EndGlobalSection
	GlobalSection(ProjectConfigurationPlatforms) = postSolution
		{FB7B5FFB-3905-47DC-958F-C84B6CFB7E62}.Debug|Any CPU.ActiveCfg = Debug|Any CPU
		{FB7B5FFB-3905-47DC-958F-C84B6CFB7E62}.Debug|Any CPU.Build.0 = Debug|Any CPU
		{FB7B5FFB-3905-47DC-958F-C84B6CFB7E62}.Release|Any CPU.ActiveCfg = Release|Any CPU
		{FB7B5FFB-3905-47DC-958F-C84B6CFB7E62}.Release|Any CPU.Build.0 = Release|Any CPU
		{C042FB3F-3D88-45D3-A4CB-9F474CF5CC7B}.Debug|Any CPU.ActiveCfg = Debug|Any CPU
		{C042FB3F-3D88-45D3-A4CB-9F474CF5CC7B}.Debug|Any CPU.Build.0 = Debug|Any CPU
		{C042FB3F-3D88-45D3-A4CB-9F474CF5CC7B}.Release|Any CPU.ActiveCfg = Release|Any CPU
		{C042FB3F-3D88-45D3-A4CB-9F474CF5CC7B}.Release|Any CPU.Build.0 = Release|Any CPU
	EndGlobalSection
	GlobalSection(SolutionProperties) = preSolution
		HideSolutionNode = FALSE
	EndGlobalSection
	GlobalSection(NestedProjects) = preSolution
		{FB7B5FFB-3905-47DC-958F-C84B6CFB7E62} = {F3B4BA84-F7A3-4F88-8E00-C84BA35A5ADF}
		{C042FB3F-3D88-45D3-A4CB-9F474CF5CC7B} = {F3B4BA84-F7A3-4F88-8E00-C84BA35A5ADF}
	EndGlobalSection
	GlobalSection(ExtensibilityGlobals) = postSolution
		SolutionGuid = {2B95A10B-54CB-4060-9706-B2D589AD8511}
	EndGlobalSection
EndGlobal
